
Microsoft Visual Studio Solution File, Format Version 12.00
# Visual Studio 2012
Project("{FAE04EC0-301F-11D3-BF4B-00C04F79EFBC}") = "DataModel", "Model\DataModel.csproj", "{8D93C360-D06C-4AF9-906E-928DF1710566}"
EndProject
Project("{FAE04EC0-301F-11D3-BF4B-00C04F79EFBC}") = "Repository", "Repository\Repository.csproj", "{86860E09-5C66-41A9-B1A7-7C40000ABC95}"
EndProject
Project("{FAE04EC0-301F-11D3-BF4B-00C04F79EFBC}") = "DataService", "Service\DataService.csproj", "{446A48E4-6B86-4EB6-B25B-8678BB8B2DB1}"
EndProject
Project("{FAE04EC0-301F-11D3-BF4B-00C04F79EFBC}") = "ConsoleTest", "ConsoleTest\ConsoleTest.csproj", "{9447A90F-24F6-4AF6-AD3F-E08CDB6F41BB}"
EndProject
Project("{2150E333-8FDC-42A3-9474-1A3956D46DE8}") = "Docs", "Docs", "{A7E03E8F-AA62-4F89-B08A-C520BB93847D}"
	ProjectSection(SolutionItems) = preProject
		Generate Unity Proxy.txt = Generate Unity Proxy.txt
	EndProjectSection
EndProject
Project("{2150E333-8FDC-42A3-9474-1A3956D46DE8}") = "Sql", "Sql", "{4818B479-C489-40ED-A9FB-0369615E50C0}"
	ProjectSection(SolutionItems) = preProject
		Entire database.sql = Entire database.sql
	EndProjectSection
EndProject
Project("{FAE04EC0-301F-11D3-BF4B-00C04F79EFBC}") = "SSService", "SSService\SSService.csproj", "{3F5731DB-4D9D-4D7D-985D-DD9344C8F4FF}"
EndProject
Global
	GlobalSection(SubversionScc) = preSolution
		Svn-Managed = True
		Manager = AnkhSVN - Subversion Support for Visual Studio
	EndGlobalSection
	GlobalSection(SolutionConfigurationPlatforms) = preSolution
		Debug|Any CPU = Debug|Any CPU
		Release|Any CPU = Release|Any CPU
	EndGlobalSection
	GlobalSection(ProjectConfigurationPlatforms) = postSolution
		{8D93C360-D06C-4AF9-906E-928DF1710566}.Debug|Any CPU.ActiveCfg = Debug|Any CPU
		{8D93C360-D06C-4AF9-906E-928DF1710566}.Debug|Any CPU.Build.0 = Debug|Any CPU
		{8D93C360-D06C-4AF9-906E-928DF1710566}.Release|Any CPU.ActiveCfg = Release|Any CPU
		{8D93C360-D06C-4AF9-906E-928DF1710566}.Release|Any CPU.Build.0 = Release|Any CPU
		{86860E09-5C66-41A9-B1A7-7C40000ABC95}.Debug|Any CPU.ActiveCfg = Debug|Any CPU
		{86860E09-5C66-41A9-B1A7-7C40000ABC95}.Debug|Any CPU.Build.0 = Debug|Any CPU
		{86860E09-5C66-41A9-B1A7-7C40000ABC95}.Release|Any CPU.ActiveCfg = Release|Any CPU
		{86860E09-5C66-41A9-B1A7-7C40000ABC95}.Release|Any CPU.Build.0 = Release|Any CPU
		{446A48E4-6B86-4EB6-B25B-8678BB8B2DB1}.Debug|Any CPU.ActiveCfg = Debug|Any CPU
		{446A48E4-6B86-4EB6-B25B-8678BB8B2DB1}.Debug|Any CPU.Build.0 = Debug|Any CPU
		{446A48E4-6B86-4EB6-B25B-8678BB8B2DB1}.Release|Any CPU.ActiveCfg = Release|Any CPU
		{446A48E4-6B86-4EB6-B25B-8678BB8B2DB1}.Release|Any CPU.Build.0 = Release|Any CPU
		{9447A90F-24F6-4AF6-AD3F-E08CDB6F41BB}.Debug|Any CPU.ActiveCfg = Debug|Any CPU
		{9447A90F-24F6-4AF6-AD3F-E08CDB6F41BB}.Debug|Any CPU.Build.0 = Debug|Any CPU
		{9447A90F-24F6-4AF6-AD3F-E08CDB6F41BB}.Release|Any CPU.ActiveCfg = Release|Any CPU
		{9447A90F-24F6-4AF6-AD3F-E08CDB6F41BB}.Release|Any CPU.Build.0 = Release|Any CPU
		{3F5731DB-4D9D-4D7D-985D-DD9344C8F4FF}.Debug|Any CPU.ActiveCfg = Debug|Any CPU
		{3F5731DB-4D9D-4D7D-985D-DD9344C8F4FF}.Debug|Any CPU.Build.0 = Debug|Any CPU
		{3F5731DB-4D9D-4D7D-985D-DD9344C8F4FF}.Release|Any CPU.ActiveCfg = Release|Any CPU
		{3F5731DB-4D9D-4D7D-985D-DD9344C8F4FF}.Release|Any CPU.Build.0 = Release|Any CPU
	EndGlobalSection
	GlobalSection(SolutionProperties) = preSolution
		HideSolutionNode = FALSE
	EndGlobalSection
EndGlobal
